
Microsoft Visual Studio Solution File, Format Version 12.00
# Visual Studio 15
VisualStudioVersion = 15.0.28307.757
MinimumVisualStudioVersion = 10.0.40219.1
Project("{FAE04EC0-301F-11D3-BF4B-00C04F79EFBC}") = "ReflectionANDAttribute", "ReflectionANDAttribute\ReflectionANDAttribute.csproj", "{A43182D8-37AD-4DAF-B87C-1F3FB2429400}"
EndProject
Global
	GlobalSection(SolutionConfigurationPlatforms) = preSolution
		Debug|Any CPU = Debug|Any CPU
		Release|Any CPU = Release|Any CPU
	EndGlobalSection
	GlobalSection(ProjectConfigurationPlatforms) = postSolution
		{A43182D8-37AD-4DAF-B87C-1F3FB2429400}.Debug|Any CPU.ActiveCfg = Debug|Any CPU
		{A43182D8-37AD-4DAF-B87C-1F3FB2429400}.Debug|Any CPU.Build.0 = Debug|Any CPU
		{A43182D8-37AD-4DAF-B87C-1F3FB2429400}.Release|Any CPU.ActiveCfg = Release|Any CPU
		{A43182D8-37AD-4DAF-B87C-1F3FB2429400}.Release|Any CPU.Build.0 = Release|Any CPU
	EndGlobalSection
	GlobalSection(SolutionProperties) = preSolution
		HideSolutionNode = FALSE
	EndGlobalSection
	GlobalSection(ExtensibilityGlobals) = postSolution
		SolutionGuid = {3442F219-6ED0-4378-884C-17EC453682AA}
	EndGlobalSection
EndGlobal
