
Microsoft Visual Studio Solution File, Format Version 12.00
# Visual Studio 15
VisualStudioVersion = 15.0.28307.757
MinimumVisualStudioVersion = 10.0.40219.1
Project("{FAE04EC0-301F-11D3-BF4B-00C04F79EFBC}") = "Exception_Concept", "Exception_Concept\Exception_Concept.csproj", "{D30F172F-6752-4ECA-A9F0-94706FBCB270}"
EndProject
Global
	GlobalSection(SolutionConfigurationPlatforms) = preSolution
		Debug|Any CPU = Debug|Any CPU
		Release|Any CPU = Release|Any CPU
	EndGlobalSection
	GlobalSection(ProjectConfigurationPlatforms) = postSolution
		{D30F172F-6752-4ECA-A9F0-94706FBCB270}.Debug|Any CPU.ActiveCfg = Debug|Any CPU
		{D30F172F-6752-4ECA-A9F0-94706FBCB270}.Debug|Any CPU.Build.0 = Debug|Any CPU
		{D30F172F-6752-4ECA-A9F0-94706FBCB270}.Release|Any CPU.ActiveCfg = Release|Any CPU
		{D30F172F-6752-4ECA-A9F0-94706FBCB270}.Release|Any CPU.Build.0 = Release|Any CPU
	EndGlobalSection
	GlobalSection(SolutionProperties) = preSolution
		HideSolutionNode = FALSE
	EndGlobalSection
	GlobalSection(ExtensibilityGlobals) = postSolution
		SolutionGuid = {4E22E8ED-7338-4933-9A04-A2D20DE6A561}
	EndGlobalSection
EndGlobal
